
Microsoft Visual Studio Solution File, Format Version 12.00
Project("{FAE04EC0-301F-11D3-BF4B-00C04F79EFBC}") = "Programozasi-kornyezetek-04-Beadando", "Programozasi-kornyezetek-04-Beadando\Programozasi-kornyezetek-04-Beadando.csproj", "{2224C745-1FAA-427A-89C0-E18524E32299}"
EndProject
Global
	GlobalSection(SolutionConfigurationPlatforms) = preSolution
		Debug|Any CPU = Debug|Any CPU
		Release|Any CPU = Release|Any CPU
	EndGlobalSection
	GlobalSection(ProjectConfigurationPlatforms) = postSolution
		{2224C745-1FAA-427A-89C0-E18524E32299}.Debug|Any CPU.ActiveCfg = Debug|Any CPU
		{2224C745-1FAA-427A-89C0-E18524E32299}.Debug|Any CPU.Build.0 = Debug|Any CPU
		{2224C745-1FAA-427A-89C0-E18524E32299}.Release|Any CPU.ActiveCfg = Release|Any CPU
		{2224C745-1FAA-427A-89C0-E18524E32299}.Release|Any CPU.Build.0 = Release|Any CPU
	EndGlobalSection
EndGlobal
